
Microsoft Visual Studio Solution File, Format Version 12.00
# Visual Studio Version 16
VisualStudioVersion = 16.0.31729.503
MinimumVisualStudioVersion = 10.0.40219.1
Project("{FAE04EC0-301F-11D3-BF4B-00C04F79EFBC}") = "EksiSozluk-EntityFrameWork", "EksiSozluk-EntityFrameWork\EksiSozluk-EntityFrameWork.csproj", "{8407F198-2FE1-4CCB-BB44-03E56756256B}"
EndProject
Global
	GlobalSection(SolutionConfigurationPlatforms) = preSolution
		Debug|Any CPU = Debug|Any CPU
		Release|Any CPU = Release|Any CPU
	EndGlobalSection
	GlobalSection(ProjectConfigurationPlatforms) = postSolution
		{8407F198-2FE1-4CCB-BB44-03E56756256B}.Debug|Any CPU.ActiveCfg = Debug|Any CPU
		{8407F198-2FE1-4CCB-BB44-03E56756256B}.Debug|Any CPU.Build.0 = Debug|Any CPU
		{8407F198-2FE1-4CCB-BB44-03E56756256B}.Release|Any CPU.ActiveCfg = Release|Any CPU
		{8407F198-2FE1-4CCB-BB44-03E56756256B}.Release|Any CPU.Build.0 = Release|Any CPU
	EndGlobalSection
	GlobalSection(SolutionProperties) = preSolution
		HideSolutionNode = FALSE
	EndGlobalSection
	GlobalSection(ExtensibilityGlobals) = postSolution
		SolutionGuid = {456E5D91-6131-45EC-9EB9-C9E46B1F1A52}
	EndGlobalSection
EndGlobal
